{
  "name": "@rebass/hide",
  "version": "1.0.0-2",
  "lockfileVersion": 1,
  "requires": true,
  "dependencies": {
    "hoist-non-react-statics": {
      "version": "3.0.1",
      "resolved": "https://registry.npmjs.org/hoist-non-react-statics/-/hoist-non-react-statics-3.0.1.tgz",
      "integrity": "sha512-1kXwPsOi0OGQIZNVMPvgWJ9tSnGMiMfJdihqEzrPEXlHOBh9AAHXX/QYmAJTXztnz/K+PQ8ryCb4eGaN6HlGbQ==",
      "requires": {
        "react-is": "^16.3.2"
      }
    },
    "js-tokens": {
      "version": "4.0.0",
      "resolved": "https://registry.npmjs.org/js-tokens/-/js-tokens-4.0.0.tgz",
      "integrity": "sha512-RdJUflcE3cUzKiMqQgsCu06FPu9UdIJO0beYbPhHN4k6apgJtifcoCtT9bcxOpYBtpD2kCM6Sbzg4CausW/PKQ=="
    },
    "loose-envify": {
      "version": "1.4.0",
      "resolved": "https://registry.npmjs.org/loose-envify/-/loose-envify-1.4.0.tgz",
      "integrity": "sha512-lyuxPGr/Wfhrlem2CL/UcnUc1zcqKAImBDzukY7Y5F/yQiNdko6+fRLevlw1HgMySw7f611UIY408EtxRSoK3Q==",
      "requires": {
        "js-tokens": "^3.0.0 || ^4.0.0"
      }
    },
    "object-assign": {
      "version": "4.1.1",
      "resolved": "https://registry.npmjs.org/object-assign/-/object-assign-4.1.1.tgz",
      "integrity": "sha1-IQmtx5ZYh8/AXLvUQsrIv7s2CGM="
    },
    "prop-types": {
      "version": "15.6.2",
      "resolved": "https://registry.npmjs.org/prop-types/-/prop-types-15.6.2.tgz",
      "integrity": "sha512-3pboPvLiWD7dkI3qf3KbUe6hKFKa52w+AE0VCqECtf+QHAKgOL37tTaNCnuX1nAAQ4ZhyP+kYVKf8rLmJ/feDQ==",
      "requires": {
        "loose-envify": "^1.3.1",
        "object-assign": "^4.1.1"
      }
    },
    "react-is": {
      "version": "16.5.1",
      "resolved": "https://registry.npmjs.org/react-is/-/react-is-16.5.1.tgz",
      "integrity": "sha512-Q7S+9y2lJA9oJCMqLt045f+kLRhsMLA1wW2DAGXA6b7wcTQRHnUDMc5oR49tn0Z4swvnfV+/t8iZFXY74IQmpA=="
    },
    "rebass": {
      "version": "3.0.0-0",
      "resolved": "https://registry.npmjs.org/rebass/-/rebass-3.0.0-0.tgz",
      "integrity": "sha512-MZu9tuE5B6KYZVvR6iXZY+0tapy0vxpp6omd+7DjrXyJTR9A2q0c3uwHwKeJza4JzENNf0hZo2DQeAWA4YwDxQ==",
      "requires": {
        "styled-system": "^3.0.2"
      },
      "dependencies": {
        "styled-system": {
          "version": "3.0.3",
          "resolved": "https://registry.npmjs.org/styled-system/-/styled-system-3.0.3.tgz",
          "integrity": "sha512-+tW500CMIJAGJInkzF5cgUPYaCnz8PcPxdV5okfyU8EQAH4JHkmZL0ycPNsMxAXNzYxAk4TQD8zr8RKk4Qwtfg==",
          "requires": {
            "prop-types": "^15.6.2"
          }
        }
      }
    },
    "styled-system": {
      "version": "3.1.3",
      "resolved": "https://registry.npmjs.org/styled-system/-/styled-system-3.1.3.tgz",
      "integrity": "sha512-ohDTJPC/MXJMUgfT0qE9syoTOmFculOkW30+AZDn+hbMGRg07V49MNMl5sA0Vi8gFEz6Xluoomvn5xZpaqRDyQ==",
      "requires": {
        "prop-types": "^15.6.2"
      }
    }
  }
}
